
Microsoft Visual Studio Solution File, Format Version 12.00
# Visual Studio Version 17
VisualStudioVersion = 17.10.35004.147
MinimumVisualStudioVersion = 10.0.40219.1
Project("{FAE04EC0-301F-11D3-BF4B-00C04F79EFBC}") = "bai12_tinhSOchanle", "bai12_tinhSOchanle\bai12_tinhSOchanle.csproj", "{F5B33309-B823-4491-821E-F541804FCED1}"
EndProject
Global
	GlobalSection(SolutionConfigurationPlatforms) = preSolution
		Debug|Any CPU = Debug|Any CPU
		Release|Any CPU = Release|Any CPU
	EndGlobalSection
	GlobalSection(ProjectConfigurationPlatforms) = postSolution
		{F5B33309-B823-4491-821E-F541804FCED1}.Debug|Any CPU.ActiveCfg = Debug|Any CPU
		{F5B33309-B823-4491-821E-F541804FCED1}.Debug|Any CPU.Build.0 = Debug|Any CPU
		{F5B33309-B823-4491-821E-F541804FCED1}.Release|Any CPU.ActiveCfg = Release|Any CPU
		{F5B33309-B823-4491-821E-F541804FCED1}.Release|Any CPU.Build.0 = Release|Any CPU
	EndGlobalSection
	GlobalSection(SolutionProperties) = preSolution
		HideSolutionNode = FALSE
	EndGlobalSection
	GlobalSection(ExtensibilityGlobals) = postSolution
		SolutionGuid = {B61CD447-D88D-4EF2-8076-6977B1CD43E6}
	EndGlobalSection
EndGlobal
